PODS:
  - CryptoSwift (1.6.0)
  - Go23EthereumAddress (0.1.0):
    - CryptoSwift (~> 1.0)

DEPENDENCIES:
  - Go23EthereumAddress (from `../`)

SPEC REPOS:
  trunk:
    - CryptoSwift

EXTERNAL SOURCES:
  Go23EthereumAddress:
    :path: "../"

SPEC CHECKSUMS:
  CryptoSwift: 562f8eceb40e80796fffc668b0cad9313284cfa6
  Go23EthereumAddress: 73fb9d27723c91abddb96cb99069ac34bdd2155e

PODFILE CHECKSUM: 7196a25bd44fd25af4934566c409ead860e3a850

COCOAPODS: 1.11.3
